// !$*UTF8*$!
{
	archiveVersion = 1;
	classes = {
	};
	objectVersion = 56;
	objects = {

/* Begin PBXBuildFile section */
		DC88C3FE2AAD8BEA00572E04 /* ContactsListTests.swift in Sources */ = {isa = PBXBuildFile; fileRef = DC88C3FD2AAD8BEA00572E04 /* ContactsListTests.swift */; };
		DCC3CB2D2A91E70C00E63E25 /* ContactsListApp.swift in Sources */ = {isa = PBXBuildFile; fileRef = DCC3CB2C2A91E70C00E63E25 /* ContactsListApp.swift */; };
		DCC3CB2F2A91E70C00E63E25 /* ContentView.swift in Sources */ = {isa = PBXBuildFile; fileRef = DCC3CB2E2A91E70C00E63E25 /* ContentView.swift */; };
		DCC3CB312A91E70C00E63E25 /* Assets.xcassets in Resources */ = {isa = PBXBuildFile; fileRef = DCC3CB302A91E70C00E63E25 /* Assets.xcassets */; };
		DCC3CB342A91E70C00E63E25 /* Preview Assets.xcassets in Resources */ = {isa = PBXBuildFile; fileRef = DCC3CB332A91E70C00E63E25 /* Preview Assets.xcassets */; };
		DCC3CB3B2A91E73D00E63E25 /* ContactsFeature.swift in Sources */ = {isa = PBXBuildFile; fileRef = DCC3CB3A2A91E73D00E63E25 /* ContactsFeature.swift */; };
		DCC3CB3E2A91E7A900E63E25 /* ComposableArchitecture in Frameworks */ = {isa = PBXBuildFile; productRef = DCC3CB3D2A91E7A900E63E25 /* ComposableArchitecture */; };
		DCC3CB402A91EA6800E63E25 /* AddContactFeature.swift in Sources */ = {isa = PBXBuildFile; fileRef = DCC3CB3F2A91EA6800E63E25 /* AddContactFeature.swift */; };
		DCC3CB422A91EB5E00E63E25 /* AddContactView.swift in Sources */ = {isa = PBXBuildFile; fileRef = DCC3CB412A91EB5E00E63E25 /* AddContactView.swift */; };
/* End PBXBuildFile section */

/* Begin PBXContainerItemProxy section */
		DC88C3FF2AAD8BEA00572E04 /* PBXContainerItemProxy */ = {
			isa = PBXContainerItemProxy;
			containerPortal = DCC3CB212A91E70C00E63E25 /* Project object */;
			proxyType = 1;
			remoteGlobalIDString = DCC3CB282A91E70C00E63E25;
			remoteInfo = ContactsList;
		};
/* End PBXContainerItemProxy section */

/* Begin PBXFileReference section */
		DC88C3FB2AAD8BEA00572E04 /* ContactsListTests.xctest */ = {isa = PBXFileReference; explicitFileType = wrapper.cfbundle; includeInIndex = 0; path = ContactsListTests.xctest; sourceTree = BUILT_PRODUCTS_DIR; };
		DC88C3FD2AAD8BEA00572E04 /* ContactsListTests.swift */ = {isa = PBXFileReference; lastKnownFileType = sourcecode.swift; path = ContactsListTests.swift; sourceTree = "<group>"; };
		DCC3CB292A91E70C00E63E25 /* ContactsList.app */ = {isa = PBXFileReference; explicitFileType = wrapper.application; includeInIndex = 0; path = ContactsList.app; sourceTree = BUILT_PRODUCTS_DIR; };
		DCC3CB2C2A91E70C00E63E25 /* ContactsListApp.swift */ = {isa = PBXFileReference; lastKnownFileType = sourcecode.swift; path = ContactsListApp.swift; sourceTree = "<group>"; };
		DCC3CB2E2A91E70C00E63E25 /* ContentView.swift */ = {isa = PBXFileReference; lastKnownFileType = sourcecode.swift; path = ContentView.swift; sourceTree = "<group>"; };
		DCC3CB302A91E70C00E63E25 /* Assets.xcassets */ = {isa = PBXFileReference; lastKnownFileType = folder.assetcatalog; path = Assets.xcassets; sourceTree = "<group>"; };
		DCC3CB332A91E70C00E63E25 /* Preview Assets.xcassets */ = {isa = PBXFileReference; lastKnownFileType = folder.assetcatalog; path = "Preview Assets.xcassets"; sourceTree = "<group>"; };
		DCC3CB3A2A91E73D00E63E25 /* ContactsFeature.swift */ = {isa = PBXFileReference; lastKnownFileType = sourcecode.swift; path = ContactsFeature.swift; sourceTree = "<group>"; };
		DCC3CB3F2A91EA6800E63E25 /* AddContactFeature.swift */ = {isa = PBXFileReference; lastKnownFileType = sourcecode.swift; path = AddContactFeature.swift; sourceTree = "<group>"; };
		DCC3CB412A91EB5E00E63E25 /* AddContactView.swift */ = {isa = PBXFileReference; lastKnownFileType = sourcecode.swift; path = AddContactView.swift; sourceTree = "<group>"; };
/* End PBXFileReference section */

/* Begin PBXFrameworksBuildPhase section */
		DC88C3F82AAD8BEA00572E04 /* Frameworks */ = {
			isa = PBXFrameworksBuildPhase;
			buildActionMask = 2147483647;
			files = (
			);
			runOnlyForDeploymentPostprocessing = 0;
		};
		DCC3CB262A91E70C00E63E25 /* Frameworks */ = {
			isa = PBXFrameworksBuildPhase;
			buildActionMask = 2147483647;
			files = (
				DCC3CB3E2A91E7A900E63E25 /* ComposableArchitecture in Frameworks */,
			);
			runOnlyForDeploymentPostprocessing = 0;
		};
/* End PBXFrameworksBuildPhase section */

/* Begin PBXGroup section */
		DC88C3FC2AAD8BEA00572E04 /* ContactsListTests */ = {
			isa = PBXGroup;
			children = (
				DC88C3FD2AAD8BEA00572E04 /* ContactsListTests.swift */,
			);
			path = ContactsListTests;
			sourceTree = "<group>";
		};
		DCC3CB202A91E70C00E63E25 = {
			isa = PBXGroup;
			children = (
				DCC3CB2B2A91E70C00E63E25 /* ContactsList */,
				DC88C3FC2AAD8BEA00572E04 /* ContactsListTests */,
				DCC3CB2A2A91E70C00E63E25 /* Products */,
			);
			sourceTree = "<group>";
		};
		DCC3CB2A2A91E70C00E63E25 /* Products */ = {
			isa = PBXGroup;
			children = (
				DCC3CB292A91E70C00E63E25 /* ContactsList.app */,
				DC88C3FB2AAD8BEA00572E04 /* ContactsListTests.xctest */,
			);
			name = Products;
			sourceTree = "<group>";
		};
		DCC3CB2B2A91E70C00E63E25 /* ContactsList */ = {
			isa = PBXGroup;
			children = (
				DCC3CB2C2A91E70C00E63E25 /* ContactsListApp.swift */,
				DCC3CB2E2A91E70C00E63E25 /* ContentView.swift */,
				DCC3CB302A91E70C00E63E25 /* Assets.xcassets */,
				DCC3CB322A91E70C00E63E25 /* Preview Content */,
				DCC3CB3A2A91E73D00E63E25 /* ContactsFeature.swift */,
				DCC3CB3F2A91EA6800E63E25 /* AddContactFeature.swift */,
				DCC3CB412A91EB5E00E63E25 /* AddContactView.swift */,
			);
			path = ContactsList;
			sourceTree = "<group>";
		};
		DCC3CB322A91E70C00E63E25 /* Preview Content */ = {
			isa = PBXGroup;
			children = (
				DCC3CB332A91E70C00E63E25 /* Preview Assets.xcassets */,
			);
			path = "Preview Content";
			sourceTree = "<group>";
		};
/* End PBXGroup section */

/* Begin PBXNativeTarget section */
		DC88C3FA2AAD8BEA00572E04 /* ContactsListTests */ = {
			isa = PBXNativeTarget;
			buildConfigurationList = DC88C4032AAD8BEA00572E04 /* Build configuration list for PBXNativeTarget "ContactsListTests" */;
			buildPhases = (
				DC88C3F72AAD8BEA00572E04 /* Sources */,
				DC88C3F82AAD8BEA00572E04 /* Frameworks */,
				DC88C3F92AAD8BEA00572E04 /* Resources */,
			);
			buildRules = (
			);
			dependencies = (
				DC88C4002AAD8BEA00572E04 /* PBXTargetDependency */,
			);
			name = ContactsListTests;
			productName = ContactsListTests;
			productReference = DC88C3FB2AAD8BEA00572E04 /* ContactsListTests.xctest */;
			productType = "com.apple.product-type.bundle.unit-test";
		};
		DCC3CB282A91E70C00E63E25 /* ContactsList */ = {
			isa = PBXNativeTarget;
			buildConfigurationList = DCC3CB372A91E70C00E63E25 /* Build configuration list for PBXNativeTarget "ContactsList" */;
			buildPhases = (
				DCC3CB252A91E70C00E63E25 /* Sources */,
				DCC3CB262A91E70C00E63E25 /* Frameworks */,
				DCC3CB272A91E70C00E63E25 /* Resources */,
			);
			buildRules = (
			);
			dependencies = (
			);
			name = ContactsList;
			packageProductDependencies = (
				DCC3CB3D2A91E7A900E63E25 /* ComposableArchitecture */,
			);
			productName = ContactsList;
			productReference = DCC3CB292A91E70C00E63E25 /* ContactsList.app */;
			productType = "com.apple.product-type.application";
		};
/* End PBXNativeTarget section */

/* Begin PBXProject section */
		DCC3CB212A91E70C00E63E25 /* Project object */ = {
			isa = PBXProject;
			attributes = {
				BuildIndependentTargetsInParallel = 1;
				LastSwiftUpdateCheck = 1430;
				LastUpgradeCheck = 1430;
				TargetAttributes = {
					DC88C3FA2AAD8BEA00572E04 = {
						CreatedOnToolsVersion = 14.3.1;
						TestTargetID = DCC3CB282A91E70C00E63E25;
					};
					DCC3CB282A91E70C00E63E25 = {
						CreatedOnToolsVersion = 14.3.1;
					};
				};
			};
			buildConfigurationList = DCC3CB242A91E70C00E63E25 /* Build configuration list for PBXProject "ContactsList" */;
			compatibilityVersion = "Xcode 14.0";
			developmentRegion = en;
			hasScannedForEncodings = 0;
			knownRegions = (
				en,
				Base,
			);
			mainGroup = DCC3CB202A91E70C00E63E25;
			packageReferences = (
				DCC3CB3C2A91E7A900E63E25 /* XCRemoteSwiftPackageReference "swift-composable-architecture" */,
			);
			productRefGroup = DCC3CB2A2A91E70C00E63E25 /* Products */;
			projectDirPath = "";
			projectRoot = "";
			targets = (
				DCC3CB282A91E70C00E63E25 /* ContactsList */,
				DC88C3FA2AAD8BEA00572E04 /* ContactsListTests */,
			);
		};
/* End PBXProject section */

/* Begin PBXResourcesBuildPhase section */
		DC88C3F92AAD8BEA00572E04 /* Resources */ = {
			isa = PBXResourcesBuildPhase;
			buildActionMask = 2147483647;
			files = (
			);
			runOnlyForDeploymentPostprocessing = 0;
		};
		DCC3CB272A91E70C00E63E25 /* Resources */ = {
			isa = PBXResourcesBuildPhase;
			buildActionMask = 2147483647;
			files = (
				DCC3CB342A91E70C00E63E25 /* Preview Assets.xcassets in Resources */,
				DCC3CB312A91E70C00E63E25 /* Assets.xcassets in Resources */,
			);
			runOnlyForDeploymentPostprocessing = 0;
		};
/* End PBXResourcesBuildPhase section */

/* Begin PBXSourcesBuildPhase section */
		DC88C3F72AAD8BEA00572E04 /* Sources */ = {
			isa = PBXSourcesBuildPhase;
			buildActionMask = 2147483647;
			files = (
				DC88C3FE2AAD8BEA00572E04 /* ContactsListTests.swift in Sources */,
			);
			runOnlyForDeploymentPostprocessing = 0;
		};
		DCC3CB252A91E70C00E63E25 /* Sources */ = {
			isa = PBXSourcesBuildPhase;
			buildActionMask = 2147483647;
			files = (
				DCC3CB2F2A91E70C00E63E25 /* ContentView.swift in Sources */,
				DCC3CB422A91EB5E00E63E25 /* AddContactView.swift in Sources */,
				DCC3CB2D2A91E70C00E63E25 /* ContactsListApp.swift in Sources */,
				DCC3CB3B2A91E73D00E63E25 /* ContactsFeature.swift in Sources */,
				DCC3CB402A91EA6800E63E25 /* AddContactFeature.swift in Sources */,
			);
			runOnlyForDeploymentPostprocessing = 0;
		};
/* End PBXSourcesBuildPhase section */

/* Begin PBXTargetDependency section */
		DC88C4002AAD8BEA00572E04 /* PBXTargetDependency */ = {
			isa = PBXTargetDependency;
			target = DCC3CB282A91E70C00E63E25 /* ContactsList */;
			targetProxy = DC88C3FF2AAD8BEA00572E04 /* PBXContainerItemProxy */;
		};
/* End PBXTargetDependency section */

/* Begin XCBuildConfiguration section */
		DC88C4012AAD8BEA00572E04 /* Debug */ = {
			isa = XCBuildConfiguration;
			buildSettings = {
				BUNDLE_LOADER = "$(TEST_HOST)";
				CODE_SIGN_STYLE = Automatic;
				CURRENT_PROJECT_VERSION = 1;
				DEVELOPMENT_TEAM = 4F3943TE3K;
				GENERATE_INFOPLIST_FILE = YES;
				MARKETING_VERSION = 1.0;
				PRODUCT_BUNDLE_IDENTIFIER = canacel.ContactsListTests;
				PRODUCT_NAME = "$(TARGET_NAME)";
				SWIFT_EMIT_LOC_STRINGS = NO;
				SWIFT_VERSION = 5.0;
				TARGETED_DEVICE_FAMILY = "1,2";
				TEST_HOST = "$(BUILT_PRODUCTS_DIR)/ContactsList.app/$(BUNDLE_EXECUTABLE_FOLDER_PATH)/ContactsList";
			};
			name = Debug;
		};
		DC88C4022AAD8BEA00572E04 /* Release */ = {
			isa = XCBuildConfiguration;
			buildSettings = {
				BUNDLE_LOADER = "$(TEST_HOST)";
				CODE_SIGN_STYLE = Automatic;
				CURRENT_PROJECT_VERSION = 1;
				DEVELOPMENT_TEAM = 4F3943TE3K;
				GENERATE_INFOPLIST_FILE = YES;
				MARKETING_VERSION = 1.0;
				PRODUCT_BUNDLE_IDENTIFIER = canacel.ContactsListTests;
				PRODUCT_NAME = "$(TARGET_NAME)";
				SWIFT_EMIT_LOC_STRINGS = NO;
				SWIFT_VERSION = 5.0;
				TARGETED_DEVICE_FAMILY = "1,2";
				TEST_HOST = "$(BUILT_PRODUCTS_DIR)/ContactsList.app/$(BUNDLE_EXECUTABLE_FOLDER_PATH)/ContactsList";
			};
			name = Release;
		};
		DCC3CB352A91E70C00E63E25 /* Debug */ = {
			isa = XCBuildConfiguration;
			buildSettings = {
				ALWAYS_SEARCH_USER_PATHS = NO;
				CLANG_ANALYZER_NONNULL = YES;
				CLANG_ANALYZER_NUMBER_OBJECT_CONVERSION = YES_AGGRESSIVE;
				CLANG_CXX_LANGUAGE_STANDARD = "gnu++20";
				CLANG_ENABLE_MODULES = YES;
				CLANG_ENABLE_OBJC_ARC = YES;
				CLANG_ENABLE_OBJC_WEAK = YES;
				CLANG_WARN_BLOCK_CAPTURE_AUTORELEASING = YES;
				CLANG_WARN_BOOL_CONVERSION = YES;
				CLANG_WARN_COMMA = YES;
				CLANG_WARN_CONSTANT_CONVERSION = YES;
				CLANG_WARN_DEPRECATED_OBJC_IMPLEMENTATIONS = YES;
				CLANG_WARN_DIRECT_OBJC_ISA_USAGE = YES_ERROR;
				CLANG_WARN_DOCUMENTATION_COMMENTS = YES;
				CLANG_WARN_EMPTY_BODY = YES;
				CLANG_WARN_ENUM_CONVERSION = YES;
				CLANG_WARN_INFINITE_RECURSION = YES;
				CLANG_WARN_INT_CONVERSION = YES;
				CLANG_WARN_NON_LITERAL_NULL_CONVERSION = YES;
				CLANG_WARN_OBJC_IMPLICIT_RETAIN_SELF = YES;
				CLANG_WARN_OBJC_LITERAL_CONVERSION = YES;
				CLANG_WARN_OBJC_ROOT_CLASS = YES_ERROR;
				CLANG_WARN_QUOTED_INCLUDE_IN_FRAMEWORK_HEADER = YES;
				CLANG_WARN_RANGE_LOOP_ANALYSIS = YES;
				CLANG_WARN_STRICT_PROTOTYPES = YES;
				CLANG_WARN_SUSPICIOUS_MOVE = YES;
				CLANG_WARN_UNGUARDED_AVAILABILITY = YES_AGGRESSIVE;
				CLANG_WARN_UNREACHABLE_CODE = YES;
				CLANG_WARN__DUPLICATE_METHOD_MATCH = YES;
				COPY_PHASE_STRIP = NO;
				DEBUG_INFORMATION_FORMAT = dwarf;
				ENABLE_STRICT_OBJC_MSGSEND = YES;
				ENABLE_TESTABILITY = YES;
				GCC_C_LANGUAGE_STANDARD = gnu11;
				GCC_DYNAMIC_NO_PIC = NO;
				GCC_NO_COMMON_BLOCKS = YES;
				GCC_OPTIMIZATION_LEVEL = 0;
				GCC_PREPROCESSOR_DEFINITIONS = (
					"DEBUG=1",
					"$(inherited)",
				);
				GCC_WARN_64_TO_32_BIT_CONVERSION = YES;
				GCC_WARN_ABOUT_RETURN_TYPE = YES_ERROR;
				GCC_WARN_UNDECLARED_SELECTOR = YES;
				GCC_WARN_UNINITIALIZED_AUTOS = YES_AGGRESSIVE;
				GCC_WARN_UNUSED_FUNCTION = YES;
				GCC_WARN_UNUSED_VARIABLE = YES;
				IPHONEOS_DEPLOYMENT_TARGET = 16.4;
				MTL_ENABLE_DEBUG_INFO = INCLUDE_SOURCE;
				MTL_FAST_MATH = YES;
				ONLY_ACTIVE_ARCH = YES;
				SDKROOT = iphoneos;
				SWIFT_ACTIVE_COMPILATION_CONDITIONS = DEBUG;
				SWIFT_OPTIMIZATION_LEVEL = "-Onone";
			};
			name = Debug;
		};
		DCC3CB362A91E70C00E63E25 /* Release */ = {
			isa = XCBuildConfiguration;
			buildSettings = {
				ALWAYS_SEARCH_USER_PATHS = NO;
				CLANG_ANALYZER_NONNULL = YES;
				CLANG_ANALYZER_NUMBER_OBJECT_CONVERSION = YES_AGGRESSIVE;
				CLANG_CXX_LANGUAGE_STANDARD = "gnu++20";
				CLANG_ENABLE_MODULES = YES;
				CLANG_ENABLE_OBJC_ARC = YES;
				CLANG_ENABLE_OBJC_WEAK = YES;
				CLANG_WARN_BLOCK_CAPTURE_AUTORELEASING = YES;
				CLANG_WARN_BOOL_CONVERSION = YES;
				CLANG_WARN_COMMA = YES;
				CLANG_WARN_CONSTANT_CONVERSION = YES;
				CLANG_WARN_DEPRECATED_OBJC_IMPLEMENTATIONS = YES;
				CLANG_WARN_DIRECT_OBJC_ISA_USAGE = YES_ERROR;
				CLANG_WARN_DOCUMENTATION_COMMENTS = YES;
				CLANG_WARN_EMPTY_BODY = YES;
				CLANG_WARN_ENUM_CONVERSION = YES;
				CLANG_WARN_INFINITE_RECURSION = YES;
				CLANG_WARN_INT_CONVERSION = YES;
				CLANG_WARN_NON_LITERAL_NULL_CONVERSION = YES;
				CLANG_WARN_OBJC_IMPLICIT_RETAIN_SELF = YES;
				CLANG_WARN_OBJC_LITERAL_CONVERSION = YES;
				CLANG_WARN_OBJC_ROOT_CLASS = YES_ERROR;
				CLANG_WARN_QUOTED_INCLUDE_IN_FRAMEWORK_HEADER = YES;
				CLANG_WARN_RANGE_LOOP_ANALYSIS = YES;
				CLANG_WARN_STRICT_PROTOTYPES = YES;
				CLANG_WARN_SUSPICIOUS_MOVE = YES;
				CLANG_WARN_UNGUARDED_AVAILABILITY = YES_AGGRESSIVE;
				CLANG_WARN_UNREACHABLE_CODE = YES;
				CLANG_WARN__DUPLICATE_METHOD_MATCH = YES;
				COPY_PHASE_STRIP = NO;
				DEBUG_INFORMATION_FORMAT = "dwarf-with-dsym";
				ENABLE_NS_ASSERTIONS = NO;
				ENABLE_STRICT_OBJC_MSGSEND = YES;
				GCC_C_LANGUAGE_STANDARD = gnu11;
				GCC_NO_COMMON_BLOCKS = YES;
				GCC_WARN_64_TO_32_BIT_CONVERSION = YES;
				GCC_WARN_ABOUT_RETURN_TYPE = YES_ERROR;
				GCC_WARN_UNDECLARED_SELECTOR = YES;
				GCC_WARN_UNINITIALIZED_AUTOS = YES_AGGRESSIVE;
				GCC_WARN_UNUSED_FUNCTION = YES;
				GCC_WARN_UNUSED_VARIABLE = YES;
				IPHONEOS_DEPLOYMENT_TARGET = 16.4;
				MTL_ENABLE_DEBUG_INFO = NO;
				MTL_FAST_MATH = YES;
				SDKROOT = iphoneos;
				SWIFT_COMPILATION_MODE = wholemodule;
				SWIFT_OPTIMIZATION_LEVEL = "-O";
				VALIDATE_PRODUCT = YES;
			};
			name = Release;
		};
		DCC3CB382A91E70C00E63E25 /* Debug */ = {
			isa = XCBuildConfiguration;
			buildSettings = {
				ASSETCATALOG_COMPILER_APPICON_NAME = AppIcon;
				ASSETCATALOG_COMPILER_GLOBAL_ACCENT_COLOR_NAME = AccentColor;
				CODE_SIGN_STYLE = Automatic;
				CURRENT_PROJECT_VERSION = 1;
				DEVELOPMENT_ASSET_PATHS = "\"ContactsList/Preview Content\"";
				DEVELOPMENT_TEAM = 4F3943TE3K;
				ENABLE_PREVIEWS = YES;
				GENERATE_INFOPLIST_FILE = YES;
				INFOPLIST_KEY_UIApplicationSceneManifest_Generation = YES;
				INFOPLIST_KEY_UIApplicationSupportsIndirectInputEvents = YES;
				INFOPLIST_KEY_UILaunchScreen_Generation = YES;
				INFOPLIST_KEY_UISupportedInterfaceOrientations_iPad = "UIInterfaceOrientationPortrait UIInterfaceOrientationPortraitUpsideDown UIInterfaceOrientationLandscapeLeft UIInterfaceOrientationLandscapeRight";
				INFOPLIST_KEY_UISupportedInterfaceOrientations_iPhone = "UIInterfaceOrientationPortrait UIInterfaceOrientationLandscapeLeft UIInterfaceOrientationLandscapeRight";
				LD_RUNPATH_SEARCH_PATHS = (
					"$(inherited)",
					"@executable_path/Frameworks",
				);
				MARKETING_VERSION = 1.0;
				PRODUCT_BUNDLE_IDENTIFIER = canacel.ContactsList;
				PRODUCT_NAME = "$(TARGET_NAME)";
				SWIFT_EMIT_LOC_STRINGS = YES;
				SWIFT_VERSION = 5.0;
				TARGETED_DEVICE_FAMILY = "1,2";
			};
			name = Debug;
		};
		DCC3CB392A91E70C00E63E25 /* Release */ = {
			isa = XCBuildConfiguration;
			buildSettings = {
				ASSETCATALOG_COMPILER_APPICON_NAME = AppIcon;
				ASSETCATALOG_COMPILER_GLOBAL_ACCENT_COLOR_NAME = AccentColor;
				CODE_SIGN_STYLE = Automatic;
				CURRENT_PROJECT_VERSION = 1;
				DEVELOPMENT_ASSET_PATHS = "\"ContactsList/Preview Content\"";
				DEVELOPMENT_TEAM = 4F3943TE3K;
				ENABLE_PREVIEWS = YES;
				GENERATE_INFOPLIST_FILE = YES;
				INFOPLIST_KEY_UIApplicationSceneManifest_Generation = YES;
				INFOPLIST_KEY_UIApplicationSupportsIndirectInputEvents = YES;
				INFOPLIST_KEY_UILaunchScreen_Generation = YES;
				INFOPLIST_KEY_UISupportedInterfaceOrientations_iPad = "UIInterfaceOrientationPortrait UIInterfaceOrientationPortraitUpsideDown UIInterfaceOrientationLandscapeLeft UIInterfaceOrientationLandscapeRight";
				INFOPLIST_KEY_UISupportedInterfaceOrientations_iPhone = "UIInterfaceOrientationPortrait UIInterfaceOrientationLandscapeLeft UIInterfaceOrientationLandscapeRight";
				LD_RUNPATH_SEARCH_PATHS = (
					"$(inherited)",
					"@executable_path/Frameworks",
				);
				MARKETING_VERSION = 1.0;
				PRODUCT_BUNDLE_IDENTIFIER = canacel.ContactsList;
				PRODUCT_NAME = "$(TARGET_NAME)";
				SWIFT_EMIT_LOC_STRINGS = YES;
				SWIFT_VERSION = 5.0;
				TARGETED_DEVICE_FAMILY = "1,2";
			};
			name = Release;
		};
/* End XCBuildConfiguration section */

/* Begin XCConfigurationList section */
		DC88C4032AAD8BEA00572E04 /* Build configuration list for PBXNativeTarget "ContactsListTests" */ = {
			isa = XCConfigurationList;
			buildConfigurations = (
				DC88C4012AAD8BEA00572E04 /* Debug */,
				DC88C4022AAD8BEA00572E04 /* Release */,
			);
			defaultConfigurationIsVisible = 0;
			defaultConfigurationName = Release;
		};
		DCC3CB242A91E70C00E63E25 /* Build configuration list for PBXProject "ContactsList" */ = {
			isa = XCConfigurationList;
			buildConfigurations = (
				DCC3CB352A91E70C00E63E25 /* Debug */,
				DCC3CB362A91E70C00E63E25 /* Release */,
			);
			defaultConfigurationIsVisible = 0;
			defaultConfigurationName = Release;
		};
		DCC3CB372A91E70C00E63E25 /* Build configuration list for PBXNativeTarget "ContactsList" */ = {
			isa = XCConfigurationList;
			buildConfigurations = (
				DCC3CB382A91E70C00E63E25 /* Debug */,
				DCC3CB392A91E70C00E63E25 /* Release */,
			);
			defaultConfigurationIsVisible = 0;
			defaultConfigurationName = Release;
		};
/* End XCConfigurationList section */

/* Begin XCRemoteSwiftPackageReference section */
		DCC3CB3C2A91E7A900E63E25 /* XCRemoteSwiftPackageReference "swift-composable-architecture" */ = {
			isa = XCRemoteSwiftPackageReference;
			repositoryURL = "https://github.com/pointfreeco/swift-composable-architecture";
			requirement = {
				kind = exactVersion;
				version = 1.1.0;
			};
		};
/* End XCRemoteSwiftPackageReference section */

/* Begin XCSwiftPackageProductDependency section */
		DCC3CB3D2A91E7A900E63E25 /* ComposableArchitecture */ = {
			isa = XCSwiftPackageProductDependency;
			package = DCC3CB3C2A91E7A900E63E25 /* XCRemoteSwiftPackageReference "swift-composable-architecture" */;
			productName = ComposableArchitecture;
		};
/* End XCSwiftPackageProductDependency section */
	};
	rootObject = DCC3CB212A91E70C00E63E25 /* Project object */;
}
